<?xml version="1.0" encoding="utf-8"?>
<Project ToolsVersion="4.0" xmlns="http://schemas.microsoft.com/developer/msbuild/2003">
  <ItemGroup>
    <Filter Include="Source Files">
      <UniqueIdentifier>{4FC737F1-C7A5-4376-A066-2A32D752A2FF}</UniqueIdentifier>
      <Extensions>cpp;c;cc;cxx;c++;cppm;ixx;def;odl;idl;hpj;bat;asm;asmx</Extensions>
    </Filter>
    <Filter Include="Header Files">
      <UniqueIdentifier>{93995380-89BD-4b04-88EB-625FBE52EBFB}</UniqueIdentifier>
      <Extensions>h;hh;hpp;hxx;h++;hm;inl;inc;ipp;xsd</Extensions>
    </Filter>
    <Filter Include="Resource Files">
      <UniqueIdentifier>{67DA6AB6-F800-4c08-8B7A-83BB121AAD01}</UniqueIdentifier>
      <Extensions>rc;ico;cur;bmp;dlg;rc2;rct;bin;rgs;gif;jpg;jpeg;jpe;resx;tiff;tif;png;wav;mfcribbon-ms</Extensions>
    </Filter>
  </ItemGroup>
  <ItemGroup>
    <ClCompile Include="SlimV-Fracod.cpp">
      <Filter>Source Files</Filter>
    </ClCompile>
    <ClCompile Include="src\Acousic.cpp">
      <Filter>Source Files</Filter>
    </ClCompile>
    <ClCompile Include="src\Arc.cpp">
      <Filter>Source Files</Filter>
    </ClCompile>
    <ClCompile Include="src\Arch_interface.cpp">
      <Filter>Source Files</Filter>
    </ClCompile>
    <ClCompile Include="src\Borehole.cpp">
      <Filter>Source Files</Filter>
    </ClCompile>
    <ClCompile Include="src\BoundaryElement.cpp">
      <Filter>Source Files</Filter>
    </ClCompile>
    <ClCompile Include="src\BoundaryStress.cpp">
      <Filter>Source Files</Filter>
    </ClCompile>
    <ClCompile Include="src\CommonPara.cpp">
      <Filter>Source Files</Filter>
    </ClCompile>
    <ClCompile Include="src\Creep.cpp">
      <Filter>Source Files</Filter>
    </ClCompile>
    <ClCompile Include="src\DispWindow.cpp">
      <Filter>Source Files</Filter>
    </ClCompile>
    <ClCompile Include="src\DX.cpp">
      <Filter>Source Files</Filter>
    </ClCompile>
    <ClCompile Include="src\Edge.cpp">
      <Filter>Source Files</Filter>
    </ClCompile>
    <ClCompile Include="src\Edge_interface.cpp">
      <Filter>Source Files</Filter>
    </ClCompile>
    <ClCompile Include="src\Elliptical_opening.cpp">
      <Filter>Source Files</Filter>
    </ClCompile>
    <ClCompile Include="src\ExcavationCracks.cpp">
      <Filter>Source Files</Filter>
    </ClCompile>
    <ClCompile Include="src\Failure.cpp">
      <Filter>Source Files</Filter>
    </ClCompile>
    <ClCompile Include="src\Fmax.cpp">
      <Filter>Source Files</Filter>
    </ClCompile>
    <ClCompile Include="src\Fracture.cpp">
      <Filter>Source Files</Filter>
    </ClCompile>
    <ClCompile Include="src\fracture_defo.cpp">
      <Filter>Source Files</Filter>
    </ClCompile>
    <ClCompile Include="src\GeologicalForm.cpp">
      <Filter>Source Files</Filter>
    </ClCompile>
    <ClCompile Include="src\Geoplot.cpp">
      <Filter>Source Files</Filter>
    </ClCompile>
    <ClCompile Include="src\Initiation.cpp">
      <Filter>Source Files</Filter>
    </ClCompile>
    <ClCompile Include="src\Input.cpp">
      <Filter>Source Files</Filter>
    </ClCompile>
    <ClCompile Include="src\InputCheck.cpp">
      <Filter>Source Files</Filter>
    </ClCompile>
    <ClCompile Include="src\Internal.cpp">
      <Filter>Source Files</Filter>
    </ClCompile>
    <ClCompile Include="src\Mainb.cpp">
      <Filter>Source Files</Filter>
    </ClCompile>
    <ClCompile Include="src\Rock.cpp">
      <Filter>Source Files</Filter>
    </ClCompile>
    <ClCompile Include="src\S4.cpp">
      <Filter>Source Files</Filter>
    </ClCompile>
    <ClCompile Include="src\Source.cpp">
      <Filter>Source Files</Filter>
    </ClCompile>
    <ClCompile Include="src\Tips.cpp">
      <Filter>Source Files</Filter>
    </ClCompile>
    <ClCompile Include="src\WinInterface.cpp">
      <Filter>Source Files</Filter>
    </ClCompile>
    <ClCompile Include="src\Work.cpp">
      <Filter>Source Files</Filter>
    </ClCompile>
    <ClCompile Include="src\Save_and_Restore.cpp">
      <Filter>Source Files</Filter>
    </ClCompile>
  </ItemGroup>
  <ItemGroup>
    <ClInclude Include="include\Acoustic.h">
      <Filter>Header Files</Filter>
    </ClInclude>
    <ClInclude Include="include\Arc.h">
      <Filter>Header Files</Filter>
    </ClInclude>
    <ClInclude Include="include\Arch_interface.h">
      <Filter>Header Files</Filter>
    </ClInclude>
    <ClInclude Include="include\BE.h">
      <Filter>Header Files</Filter>
    </ClInclude>
    <ClInclude Include="include\Borehole.h">
      <Filter>Header Files</Filter>
    </ClInclude>
    <ClInclude Include="include\BoundaryElement.h">
      <Filter>Header Files</Filter>
    </ClInclude>
    <ClInclude Include="include\BoundaryStress.h">
      <Filter>Header Files</Filter>
    </ClInclude>
    <ClInclude Include="include\common.h">
      <Filter>Header Files</Filter>
    </ClInclude>
    <ClInclude Include="include\CommonPara.h">
      <Filter>Header Files</Filter>
    </ClInclude>
    <ClInclude Include="include\Creep.h">
      <Filter>Header Files</Filter>
    </ClInclude>
    <ClInclude Include="include\DispWindow.h">
      <Filter>Header Files</Filter>
    </ClInclude>
    <ClInclude Include="include\DX.h">
      <Filter>Header Files</Filter>
    </ClInclude>
    <ClInclude Include="include\Edge.h">
      <Filter>Header Files</Filter>
    </ClInclude>
    <ClInclude Include="include\Edge_interface.h">
      <Filter>Header Files</Filter>
    </ClInclude>
    <ClInclude Include="include\Elliptical_opening.h">
      <Filter>Header Files</Filter>
    </ClInclude>
    <ClInclude Include="include\ExcavationCracks.h">
      <Filter>Header Files</Filter>
    </ClInclude>
    <ClInclude Include="include\Failure.h">
      <Filter>Header Files</Filter>
    </ClInclude>
    <ClInclude Include="include\Fmax.h">
      <Filter>Header Files</Filter>
    </ClInclude>
    <ClInclude Include="include\Fracture.h">
      <Filter>Header Files</Filter>
    </ClInclude>
    <ClInclude Include="include\fracture_defo.h">
      <Filter>Header Files</Filter>
    </ClInclude>
    <ClInclude Include="include\GeologicalForm.h">
      <Filter>Header Files</Filter>
    </ClInclude>
    <ClInclude Include="include\Geoplot.h">
      <Filter>Header Files</Filter>
    </ClInclude>
    <ClInclude Include="include\Initiation.h">
      <Filter>Header Files</Filter>
    </ClInclude>
    <ClInclude Include="include\Input.h">
      <Filter>Header Files</Filter>
    </ClInclude>
    <ClInclude Include="include\InputCheck.h">
      <Filter>Header Files</Filter>
    </ClInclude>
    <ClInclude Include="include\Internal.h">
      <Filter>Header Files</Filter>
    </ClInclude>
    <ClInclude Include="include\Mainb.h">
      <Filter>Header Files</Filter>
    </ClInclude>
    <ClInclude Include="include\MonitoringLine.h">
      <Filter>Header Files</Filter>
    </ClInclude>
    <ClInclude Include="include\MonitoringPoint.h">
      <Filter>Header Files</Filter>
    </ClInclude>
    <ClInclude Include="include\Rock.h">
      <Filter>Header Files</Filter>
    </ClInclude>
    <ClInclude Include="include\S4.h">
      <Filter>Header Files</Filter>
    </ClInclude>
    <ClInclude Include="include\Source.h">
      <Filter>Header Files</Filter>
    </ClInclude>
    <ClInclude Include="include\Tip.h">
      <Filter>Header Files</Filter>
    </ClInclude>
    <ClInclude Include="include\WinInterface.h">
      <Filter>Header Files</Filter>
    </ClInclude>
    <ClInclude Include="include\Work.h">
      <Filter>Header Files</Filter>
    </ClInclude>
    <ClInclude Include="include\Save_and_Restore.h">
      <Filter>Header Files</Filter>
    </ClInclude>
  </ItemGroup>
</Project>